
Microsoft Visual Studio Solution File, Format Version 12.00
# Visual Studio Version 17
VisualStudioVersion = 17.5.002.0
MinimumVisualStudioVersion = 10.0.40219.1
Project("{2150E333-8FDC-42A3-9474-1A3956D46DE8}") = "csharp-prep", "csharp-prep", "{7A456D60-8989-4908-82FC-D64C8D25FE32}"
EndProject
Project("{9A19103F-16F7-4668-BE54-9A1E7A4F7556}") = "Prep1", "csharp-prep\Prep1\Prep1.csproj", "{7B1DA7F2-DD79-4B20-A368-26B6199BDF9F}"
EndProject
Project("{9A19103F-16F7-4668-BE54-9A1E7A4F7556}") = "Prep2", "csharp-prep\Prep2\Prep2.csproj", "{57FDB76F-71E5-482E-BAA7-489C92AAD0E0}"
EndProject
Project("{9A19103F-16F7-4668-BE54-9A1E7A4F7556}") = "Prep3", "csharp-prep\Prep3\Prep3.csproj", "{55937E2E-E5FF-4A45-94B8-50E47C1DF16F}"
EndProject
Project("{9A19103F-16F7-4668-BE54-9A1E7A4F7556}") = "Prep4", "csharp-prep\Prep4\Prep4.csproj", "{B4843BC9-10C4-4152-AA17-27A5518BF92A}"
EndProject
Project("{9A19103F-16F7-4668-BE54-9A1E7A4F7556}") = "Prep5", "csharp-prep\Prep5\Prep5.csproj", "{6E80AC37-A5A7-4CF1-B164-0BE553169B2F}"
EndProject
Project("{2150E333-8FDC-42A3-9474-1A3956D46DE8}") = "final", "final", "{5443DF2B-32DA-4F0A-B0CA-E1976E67B746}"
EndProject
Project("{9A19103F-16F7-4668-BE54-9A1E7A4F7556}") = "FinalProject", "final\FinalProject\FinalProject.csproj", "{0BB28ADF-5503-4A00-AD26-4B535EB56EB5}"
EndProject
Project("{9A19103F-16F7-4668-BE54-9A1E7A4F7556}") = "Foundation1", "final\Foundation1\Foundation1.csproj", "{13712ECE-1A9B-405D-832E-C76B953FC617}"
EndProject
Project("{9A19103F-16F7-4668-BE54-9A1E7A4F7556}") = "Foundation2", "final\Foundation2\Foundation2.csproj", "{9E6669E9-A9F9-4470-B898-5C3D43350C9D}"
EndProject
Project("{9A19103F-16F7-4668-BE54-9A1E7A4F7556}") = "Foundation3", "final\Foundation3\Foundation3.csproj", "{DC5FC277-697F-4D50-976D-35220B572F80}"
EndProject
Project("{9A19103F-16F7-4668-BE54-9A1E7A4F7556}") = "Foundation4", "final\Foundation4\Foundation4.csproj", "{9A841FB5-E88E-4FB0-9085-81C877611D8E}"
EndProject
Project("{2150E333-8FDC-42A3-9474-1A3956D46DE8}") = "prepare", "prepare", "{8A0C643E-7B79-4C4F-B3D9-1A7795E85C3E}"
EndProject
Project("{9A19103F-16F7-4668-BE54-9A1E7A4F7556}") = "Learning02", "prepare\Learning02\Learning02.csproj", "{60347F75-5418-4D05-88ED-4A8FC4DDE5BA}"
EndProject
Project("{9A19103F-16F7-4668-BE54-9A1E7A4F7556}") = "Learning03", "prepare\Learning03\Learning03.csproj", "{BED8325E-0C76-45CE-B41D-08F2DDD86DCC}"
EndProject
Project("{9A19103F-16F7-4668-BE54-9A1E7A4F7556}") = "Learning04", "prepare\Learning04\Learning04.csproj", "{AFDAB245-3A10-4113-A2A4-549E60FCD27A}"
EndProject
Project("{9A19103F-16F7-4668-BE54-9A1E7A4F7556}") = "Learning05", "prepare\Learning05\Learning05.csproj", "{057A8B25-A9FF-49A1-83B2-54F0878D0120}"
EndProject
Project("{2150E333-8FDC-42A3-9474-1A3956D46DE8}") = "prove", "prove", "{CFA3168D-754C-49B7-9B9E-08B29050920A}"
EndProject
Project("{9A19103F-16F7-4668-BE54-9A1E7A4F7556}") = "Develop02", "prove\Develop02\Develop02.csproj", "{F8F75B53-0587-4920-B116-D5D0BD6709CD}"
EndProject
Project("{9A19103F-16F7-4668-BE54-9A1E7A4F7556}") = "Develop03", "prove\Develop03\Develop03.csproj", "{B0BD9ECC-A853-46C6-9DED-11419900984B}"
EndProject
Project("{9A19103F-16F7-4668-BE54-9A1E7A4F7556}") = "Develop04", "prove\Develop04\Develop04.csproj", "{54123C22-CD4B-4822-AB9B-B6CE17305C9B}"
EndProject
Project("{9A19103F-16F7-4668-BE54-9A1E7A4F7556}") = "Develop05", "prove\Develop05\Develop05.csproj", "{DBE7E6A2-ED94-4DD5-9ABC-FD723ECDD1B2}"
EndProject
Project("{2150E333-8FDC-42A3-9474-1A3956D46DE8}") = "sandbox", "sandbox", "{B5284CEF-A3DF-47A9-8835-349D2E265318}"
EndProject
Project("{9A19103F-16F7-4668-BE54-9A1E7A4F7556}") = "Sandbox", "sandbox\Sandbox\Sandbox.csproj", "{90E53529-A0BB-4089-9FD6-C6128CB53DB0}"
EndProject
Global
	GlobalSection(SolutionConfigurationPlatforms) = preSolution
		Debug|Any CPU = Debug|Any CPU
		Release|Any CPU = Release|Any CPU
	EndGlobalSection
	GlobalSection(ProjectConfigurationPlatforms) = postSolution
		{7B1DA7F2-DD79-4B20-A368-26B6199BDF9F}.Debug|Any CPU.ActiveCfg = Debug|Any CPU
		{7B1DA7F2-DD79-4B20-A368-26B6199BDF9F}.Debug|Any CPU.Build.0 = Debug|Any CPU
		{7B1DA7F2-DD79-4B20-A368-26B6199BDF9F}.Release|Any CPU.ActiveCfg = Release|Any CPU
		{7B1DA7F2-DD79-4B20-A368-26B6199BDF9F}.Release|Any CPU.Build.0 = Release|Any CPU
		{57FDB76F-71E5-482E-BAA7-489C92AAD0E0}.Debug|Any CPU.ActiveCfg = Debug|Any CPU
		{57FDB76F-71E5-482E-BAA7-489C92AAD0E0}.Debug|Any CPU.Build.0 = Debug|Any CPU
		{57FDB76F-71E5-482E-BAA7-489C92AAD0E0}.Release|Any CPU.ActiveCfg = Release|Any CPU
		{57FDB76F-71E5-482E-BAA7-489C92AAD0E0}.Release|Any CPU.Build.0 = Release|Any CPU
		{55937E2E-E5FF-4A45-94B8-50E47C1DF16F}.Debug|Any CPU.ActiveCfg = Debug|Any CPU
		{55937E2E-E5FF-4A45-94B8-50E47C1DF16F}.Debug|Any CPU.Build.0 = Debug|Any CPU
		{55937E2E-E5FF-4A45-94B8-50E47C1DF16F}.Release|Any CPU.ActiveCfg = Release|Any CPU
		{55937E2E-E5FF-4A45-94B8-50E47C1DF16F}.Release|Any CPU.Build.0 = Release|Any CPU
		{B4843BC9-10C4-4152-AA17-27A5518BF92A}.Debug|Any CPU.ActiveCfg = Debug|Any CPU
		{B4843BC9-10C4-4152-AA17-27A5518BF92A}.Debug|Any CPU.Build.0 = Debug|Any CPU
		{B4843BC9-10C4-4152-AA17-27A5518BF92A}.Release|Any CPU.ActiveCfg = Release|Any CPU
		{B4843BC9-10C4-4152-AA17-27A5518BF92A}.Release|Any CPU.Build.0 = Release|Any CPU
		{6E80AC37-A5A7-4CF1-B164-0BE553169B2F}.Debug|Any CPU.ActiveCfg = Debug|Any CPU
		{6E80AC37-A5A7-4CF1-B164-0BE553169B2F}.Debug|Any CPU.Build.0 = Debug|Any CPU
		{6E80AC37-A5A7-4CF1-B164-0BE553169B2F}.Release|Any CPU.ActiveCfg = Release|Any CPU
		{6E80AC37-A5A7-4CF1-B164-0BE553169B2F}.Release|Any CPU.Build.0 = Release|Any CPU
		{0BB28ADF-5503-4A00-AD26-4B535EB56EB5}.Debug|Any CPU.ActiveCfg = Debug|Any CPU
		{0BB28ADF-5503-4A00-AD26-4B535EB56EB5}.Debug|Any CPU.Build.0 = Debug|Any CPU
		{0BB28ADF-5503-4A00-AD26-4B535EB56EB5}.Release|Any CPU.ActiveCfg = Release|Any CPU
		{0BB28ADF-5503-4A00-AD26-4B535EB56EB5}.Release|Any CPU.Build.0 = Release|Any CPU
		{13712ECE-1A9B-405D-832E-C76B953FC617}.Debug|Any CPU.ActiveCfg = Debug|Any CPU
		{13712ECE-1A9B-405D-832E-C76B953FC617}.Debug|Any CPU.Build.0 = Debug|Any CPU
		{13712ECE-1A9B-405D-832E-C76B953FC617}.Release|Any CPU.ActiveCfg = Release|Any CPU
		{13712ECE-1A9B-405D-832E-C76B953FC617}.Release|Any CPU.Build.0 = Release|Any CPU
		{9E6669E9-A9F9-4470-B898-5C3D43350C9D}.Debug|Any CPU.ActiveCfg = Debug|Any CPU
		{9E6669E9-A9F9-4470-B898-5C3D43350C9D}.Debug|Any CPU.Build.0 = Debug|Any CPU
		{9E6669E9-A9F9-4470-B898-5C3D43350C9D}.Release|Any CPU.ActiveCfg = Release|Any CPU
		{9E6669E9-A9F9-4470-B898-5C3D43350C9D}.Release|Any CPU.Build.0 = Release|Any CPU
		{DC5FC277-697F-4D50-976D-35220B572F80}.Debug|Any CPU.ActiveCfg = Debug|Any CPU
		{DC5FC277-697F-4D50-976D-35220B572F80}.Debug|Any CPU.Build.0 = Debug|Any CPU
		{DC5FC277-697F-4D50-976D-35220B572F80}.Release|Any CPU.ActiveCfg = Release|Any CPU
		{DC5FC277-697F-4D50-976D-35220B572F80}.Release|Any CPU.Build.0 = Release|Any CPU
		{9A841FB5-E88E-4FB0-9085-81C877611D8E}.Debug|Any CPU.ActiveCfg = Debug|Any CPU
		{9A841FB5-E88E-4FB0-9085-81C877611D8E}.Debug|Any CPU.Build.0 = Debug|Any CPU
		{9A841FB5-E88E-4FB0-9085-81C877611D8E}.Release|Any CPU.ActiveCfg = Release|Any CPU
		{9A841FB5-E88E-4FB0-9085-81C877611D8E}.Release|Any CPU.Build.0 = Release|Any CPU
		{60347F75-5418-4D05-88ED-4A8FC4DDE5BA}.Debug|Any CPU.ActiveCfg = Debug|Any CPU
		{60347F75-5418-4D05-88ED-4A8FC4DDE5BA}.Debug|Any CPU.Build.0 = Debug|Any CPU
		{60347F75-5418-4D05-88ED-4A8FC4DDE5BA}.Release|Any CPU.ActiveCfg = Release|Any CPU
		{60347F75-5418-4D05-88ED-4A8FC4DDE5BA}.Release|Any CPU.Build.0 = Release|Any CPU
		{BED8325E-0C76-45CE-B41D-08F2DDD86DCC}.Debug|Any CPU.ActiveCfg = Debug|Any CPU
		{BED8325E-0C76-45CE-B41D-08F2DDD86DCC}.Debug|Any CPU.Build.0 = Debug|Any CPU
		{BED8325E-0C76-45CE-B41D-08F2DDD86DCC}.Release|Any CPU.ActiveCfg = Release|Any CPU
		{BED8325E-0C76-45CE-B41D-08F2DDD86DCC}.Release|Any CPU.Build.0 = Release|Any CPU
		{AFDAB245-3A10-4113-A2A4-549E60FCD27A}.Debug|Any CPU.ActiveCfg = Debug|Any CPU
		{AFDAB245-3A10-4113-A2A4-549E60FCD27A}.Debug|Any CPU.Build.0 = Debug|Any CPU
		{AFDAB245-3A10-4113-A2A4-549E60FCD27A}.Release|Any CPU.ActiveCfg = Release|Any CPU
		{AFDAB245-3A10-4113-A2A4-549E60FCD27A}.Release|Any CPU.Build.0 = Release|Any CPU
		{057A8B25-A9FF-49A1-83B2-54F0878D0120}.Debug|Any CPU.ActiveCfg = Debug|Any CPU
		{057A8B25-A9FF-49A1-83B2-54F0878D0120}.Debug|Any CPU.Build.0 = Debug|Any CPU
		{057A8B25-A9FF-49A1-83B2-54F0878D0120}.Release|Any CPU.ActiveCfg = Release|Any CPU
		{057A8B25-A9FF-49A1-83B2-54F0878D0120}.Release|Any CPU.Build.0 = Release|Any CPU
		{F8F75B53-0587-4920-B116-D5D0BD6709CD}.Debug|Any CPU.ActiveCfg = Debug|Any CPU
		{F8F75B53-0587-4920-B116-D5D0BD6709CD}.Debug|Any CPU.Build.0 = Debug|Any CPU
		{F8F75B53-0587-4920-B116-D5D0BD6709CD}.Release|Any CPU.ActiveCfg = Release|Any CPU
		{F8F75B53-0587-4920-B116-D5D0BD6709CD}.Release|Any CPU.Build.0 = Release|Any CPU
		{B0BD9ECC-A853-46C6-9DED-11419900984B}.Debug|Any CPU.ActiveCfg = Debug|Any CPU
		{B0BD9ECC-A853-46C6-9DED-11419900984B}.Debug|Any CPU.Build.0 = Debug|Any CPU
		{B0BD9ECC-A853-46C6-9DED-11419900984B}.Release|Any CPU.ActiveCfg = Release|Any CPU
		{B0BD9ECC-A853-46C6-9DED-11419900984B}.Release|Any CPU.Build.0 = Release|Any CPU
		{54123C22-CD4B-4822-AB9B-B6CE17305C9B}.Debug|Any CPU.ActiveCfg = Debug|Any CPU
		{54123C22-CD4B-4822-AB9B-B6CE17305C9B}.Debug|Any CPU.Build.0 = Debug|Any CPU
		{54123C22-CD4B-4822-AB9B-B6CE17305C9B}.Release|Any CPU.ActiveCfg = Release|Any CPU
		{54123C22-CD4B-4822-AB9B-B6CE17305C9B}.Release|Any CPU.Build.0 = Release|Any CPU
		{DBE7E6A2-ED94-4DD5-9ABC-FD723ECDD1B2}.Debug|Any CPU.ActiveCfg = Debug|Any CPU
		{DBE7E6A2-ED94-4DD5-9ABC-FD723ECDD1B2}.Debug|Any CPU.Build.0 = Debug|Any CPU
		{DBE7E6A2-ED94-4DD5-9ABC-FD723ECDD1B2}.Release|Any CPU.ActiveCfg = Release|Any CPU
		{DBE7E6A2-ED94-4DD5-9ABC-FD723ECDD1B2}.Release|Any CPU.Build.0 = Release|Any CPU
		{90E53529-A0BB-4089-9FD6-C6128CB53DB0}.Debug|Any CPU.ActiveCfg = Debug|Any CPU
		{90E53529-A0BB-4089-9FD6-C6128CB53DB0}.Debug|Any CPU.Build.0 = Debug|Any CPU
		{90E53529-A0BB-4089-9FD6-C6128CB53DB0}.Release|Any CPU.ActiveCfg = Release|Any CPU
		{90E53529-A0BB-4089-9FD6-C6128CB53DB0}.Release|Any CPU.Build.0 = Release|Any CPU
	EndGlobalSection
	GlobalSection(SolutionProperties) = preSolution
		HideSolutionNode = FALSE
	EndGlobalSection
	GlobalSection(NestedProjects) = preSolution
		{7B1DA7F2-DD79-4B20-A368-26B6199BDF9F} = {7A456D60-8989-4908-82FC-D64C8D25FE32}
		{57FDB76F-71E5-482E-BAA7-489C92AAD0E0} = {7A456D60-8989-4908-82FC-D64C8D25FE32}
		{55937E2E-E5FF-4A45-94B8-50E47C1DF16F} = {7A456D60-8989-4908-82FC-D64C8D25FE32}
		{B4843BC9-10C4-4152-AA17-27A5518BF92A} = {7A456D60-8989-4908-82FC-D64C8D25FE32}
		{6E80AC37-A5A7-4CF1-B164-0BE553169B2F} = {7A456D60-8989-4908-82FC-D64C8D25FE32}
		{0BB28ADF-5503-4A00-AD26-4B535EB56EB5} = {5443DF2B-32DA-4F0A-B0CA-E1976E67B746}
		{13712ECE-1A9B-405D-832E-C76B953FC617} = {5443DF2B-32DA-4F0A-B0CA-E1976E67B746}
		{9E6669E9-A9F9-4470-B898-5C3D43350C9D} = {5443DF2B-32DA-4F0A-B0CA-E1976E67B746}
		{DC5FC277-697F-4D50-976D-35220B572F80} = {5443DF2B-32DA-4F0A-B0CA-E1976E67B746}
		{9A841FB5-E88E-4FB0-9085-81C877611D8E} = {5443DF2B-32DA-4F0A-B0CA-E1976E67B746}
		{60347F75-5418-4D05-88ED-4A8FC4DDE5BA} = {8A0C643E-7B79-4C4F-B3D9-1A7795E85C3E}
		{BED8325E-0C76-45CE-B41D-08F2DDD86DCC} = {8A0C643E-7B79-4C4F-B3D9-1A7795E85C3E}
		{AFDAB245-3A10-4113-A2A4-549E60FCD27A} = {8A0C643E-7B79-4C4F-B3D9-1A7795E85C3E}
		{057A8B25-A9FF-49A1-83B2-54F0878D0120} = {8A0C643E-7B79-4C4F-B3D9-1A7795E85C3E}
		{F8F75B53-0587-4920-B116-D5D0BD6709CD} = {CFA3168D-754C-49B7-9B9E-08B29050920A}
		{B0BD9ECC-A853-46C6-9DED-11419900984B} = {CFA3168D-754C-49B7-9B9E-08B29050920A}
		{54123C22-CD4B-4822-AB9B-B6CE17305C9B} = {CFA3168D-754C-49B7-9B9E-08B29050920A}
		{DBE7E6A2-ED94-4DD5-9ABC-FD723ECDD1B2} = {CFA3168D-754C-49B7-9B9E-08B29050920A}
		{90E53529-A0BB-4089-9FD6-C6128CB53DB0} = {B5284CEF-A3DF-47A9-8835-349D2E265318}
	EndGlobalSection
	GlobalSection(ExtensibilityGlobals) = postSolution
		SolutionGuid = {42AE946B-BD11-4CEE-A1A3-D14EF19BCEDD}
	EndGlobalSection
EndGlobal
